
Microsoft Visual Studio Solution File, Format Version 12.00
# Visual Studio Version 17
VisualStudioVersion = 17.8.34316.72
MinimumVisualStudioVersion = 10.0.40219.1
Project("{FAE04EC0-301F-11D3-BF4B-00C04F79EFBC}") = "ShopOnline.Web", "ShopOnline.Web\ShopOnline.Web.csproj", "{37E248A5-7DC2-4C1F-B763-BBEAA90CF76D}"
EndProject
Project("{FAE04EC0-301F-11D3-BF4B-00C04F79EFBC}") = "ShopOnline.API", "ShopOnline.API\ShopOnline.API.csproj", "{75461EAF-C0D8-48DE-870C-7D4308A6F14D}"
EndProject
Global
	GlobalSection(SolutionConfigurationPlatforms) = preSolution
		Debug|Any CPU = Debug|Any CPU
		Release|Any CPU = Release|Any CPU
	EndGlobalSection
	GlobalSection(ProjectConfigurationPlatforms) = postSolution
		{37E248A5-7DC2-4C1F-B763-BBEAA90CF76D}.Debug|Any CPU.ActiveCfg = Debug|Any CPU
		{37E248A5-7DC2-4C1F-B763-BBEAA90CF76D}.Debug|Any CPU.Build.0 = Debug|Any CPU
		{37E248A5-7DC2-4C1F-B763-BBEAA90CF76D}.Release|Any CPU.ActiveCfg = Release|Any CPU
		{37E248A5-7DC2-4C1F-B763-BBEAA90CF76D}.Release|Any CPU.Build.0 = Release|Any CPU
		{75461EAF-C0D8-48DE-870C-7D4308A6F14D}.Debug|Any CPU.ActiveCfg = Debug|Any CPU
		{75461EAF-C0D8-48DE-870C-7D4308A6F14D}.Debug|Any CPU.Build.0 = Debug|Any CPU
		{75461EAF-C0D8-48DE-870C-7D4308A6F14D}.Release|Any CPU.ActiveCfg = Release|Any CPU
		{75461EAF-C0D8-48DE-870C-7D4308A6F14D}.Release|Any CPU.Build.0 = Release|Any CPU
	EndGlobalSection
	GlobalSection(SolutionProperties) = preSolution
		HideSolutionNode = FALSE
	EndGlobalSection
	GlobalSection(ExtensibilityGlobals) = postSolution
		SolutionGuid = {15026D29-75BA-4D3A-B4A4-161E71118AD7}
	EndGlobalSection
EndGlobal
